
Microsoft Visual Studio Solution File, Format Version 12.00
# Visual Studio Version 17
VisualStudioVersion = 17.10.35013.160
MinimumVisualStudioVersion = 10.0.40219.1
Project("{FAE04EC0-301F-11D3-BF4B-00C04F79EFBC}") = "Angular.Server", "Angular.Server\Angular.Server.csproj", "{484E45AE-2B5B-4A2E-AF55-570675830559}"
EndProject
Project("{54A90642-561A-4BB1-A94E-469ADEE60C69}") = "angular.client", "angular.client\angular.client.esproj", "{07B9DF27-3F4C-45E9-88C9-56932AD98A25}"
EndProject
Global
	GlobalSection(SolutionConfigurationPlatforms) = preSolution
		Debug|Any CPU = Debug|Any CPU
		Release|Any CPU = Release|Any CPU
	EndGlobalSection
	GlobalSection(ProjectConfigurationPlatforms) = postSolution
		{484E45AE-2B5B-4A2E-AF55-570675830559}.Debug|Any CPU.ActiveCfg = Debug|Any CPU
		{484E45AE-2B5B-4A2E-AF55-570675830559}.Debug|Any CPU.Build.0 = Debug|Any CPU
		{484E45AE-2B5B-4A2E-AF55-570675830559}.Release|Any CPU.ActiveCfg = Release|Any CPU
		{484E45AE-2B5B-4A2E-AF55-570675830559}.Release|Any CPU.Build.0 = Release|Any CPU
		{07B9DF27-3F4C-45E9-88C9-56932AD98A25}.Debug|Any CPU.ActiveCfg = Debug|Any CPU
		{07B9DF27-3F4C-45E9-88C9-56932AD98A25}.Debug|Any CPU.Build.0 = Debug|Any CPU
		{07B9DF27-3F4C-45E9-88C9-56932AD98A25}.Debug|Any CPU.Deploy.0 = Debug|Any CPU
		{07B9DF27-3F4C-45E9-88C9-56932AD98A25}.Release|Any CPU.ActiveCfg = Release|Any CPU
		{07B9DF27-3F4C-45E9-88C9-56932AD98A25}.Release|Any CPU.Build.0 = Release|Any CPU
		{07B9DF27-3F4C-45E9-88C9-56932AD98A25}.Release|Any CPU.Deploy.0 = Release|Any CPU
	EndGlobalSection
	GlobalSection(SolutionProperties) = preSolution
		HideSolutionNode = FALSE
	EndGlobalSection
	GlobalSection(ExtensibilityGlobals) = postSolution
		SolutionGuid = {8792028A-C0B8-4699-9FEA-FC0E36B13766}
	EndGlobalSection
EndGlobal
